
Microsoft Visual Studio Solution File, Format Version 12.00
# Visual Studio Version 17
VisualStudioVersion = 17.6.33829.357
MinimumVisualStudioVersion = 10.0.40219.1
Project("{FAE04EC0-301F-11D3-BF4B-00C04F79EFBC}") = "MyWebApplication", "MyWebApplication\MyWebApplication.csproj", "{A31FB914-AEFD-4876-84AF-BD89A989013D}"
EndProject
Global
	GlobalSection(SolutionConfigurationPlatforms) = preSolution
		Debug|Any CPU = Debug|Any CPU
		Release|Any CPU = Release|Any CPU
	EndGlobalSection
	GlobalSection(ProjectConfigurationPlatforms) = postSolution
		{A31FB914-AEFD-4876-84AF-BD89A989013D}.Debug|Any CPU.ActiveCfg = Debug|Any CPU
		{A31FB914-AEFD-4876-84AF-BD89A989013D}.Debug|Any CPU.Build.0 = Debug|Any CPU
		{A31FB914-AEFD-4876-84AF-BD89A989013D}.Release|Any CPU.ActiveCfg = Release|Any CPU
		{A31FB914-AEFD-4876-84AF-BD89A989013D}.Release|Any CPU.Build.0 = Release|Any CPU
	EndGlobalSection
	GlobalSection(SolutionProperties) = preSolution
		HideSolutionNode = FALSE
	EndGlobalSection
	GlobalSection(ExtensibilityGlobals) = postSolution
		SolutionGuid = {F7D4EBD3-8BC2-41A5-BE27-99FB828BBCB2}
	EndGlobalSection
EndGlobal
